
Microsoft Visual Studio Solution File, Format Version 12.00
# Visual Studio 15
VisualStudioVersion = 15.0.28010.2050
MinimumVisualStudioVersion = 10.0.40219.1
Project("{FAE04EC0-301F-11D3-BF4B-00C04F79EFBC}") = "RSMaster", "RSMaster\RSMaster.csproj", "{4EE6C8A7-9650-4274-8D23-EED79F8F6E3F}"
EndProject
Project("{FAE04EC0-301F-11D3-BF4B-00C04F79EFBC}") = "Updater", "Updater\Updater.csproj", "{E4CB611A-0A60-4D07-9E14-4972EB14224B}"
EndProject
Project("{FAE04EC0-301F-11D3-BF4B-00C04F79EFBC}") = "RSMaster.Utility", "RSMaster.Utility\RSMaster.Utility.csproj", "{A68EE588-BD26-479E-9EB4-CB00C2E2894B}"
EndProject
Project("{FAE04EC0-301F-11D3-BF4B-00C04F79EFBC}") = "RSMaster.Tests", "RSMaster.Tests\RSMaster.Tests.csproj", "{4318CFE6-DC95-499D-8290-3CE626D12895}"
EndProject
Project("{8BC9CEB8-8B4A-11D0-8D11-00A0C91BC942}") = "Raindropz", "Raindropz\Raindropz.vcxproj", "{58CBB7DE-2378-4E95-91A5-91F910E56EE8}"
EndProject
Project("{FAE04EC0-301F-11D3-BF4B-00C04F79EFBC}") = "PluginSample", "PluginSample\PluginSample.csproj", "{6205758A-D654-474F-971E-FE628CBF9D15}"
EndProject
Project("{2150E333-8FDC-42A3-9474-1A3956D46DE8}") = "Plugins", "Plugins", "{EB1326A2-D59F-45DB-A3D2-350AEE92196C}"
EndProject
Global
	GlobalSection(SolutionConfigurationPlatforms) = preSolution
		Debug|Any CPU = Debug|Any CPU
		Debug|x64 = Debug|x64
		Debug|x86 = Debug|x86
		Private|Any CPU = Private|Any CPU
		Private|x64 = Private|x64
		Private|x86 = Private|x86
		Release|Any CPU = Release|Any CPU
		Release|x64 = Release|x64
		Release|x86 = Release|x86
	EndGlobalSection
	GlobalSection(ProjectConfigurationPlatforms) = postSolution
		{4EE6C8A7-9650-4274-8D23-EED79F8F6E3F}.Debug|Any CPU.ActiveCfg = Debug|Any CPU
		{4EE6C8A7-9650-4274-8D23-EED79F8F6E3F}.Debug|Any CPU.Build.0 = Debug|Any CPU
		{4EE6C8A7-9650-4274-8D23-EED79F8F6E3F}.Debug|x64.ActiveCfg = Debug|Any CPU
		{4EE6C8A7-9650-4274-8D23-EED79F8F6E3F}.Debug|x64.Build.0 = Debug|Any CPU
		{4EE6C8A7-9650-4274-8D23-EED79F8F6E3F}.Debug|x86.ActiveCfg = Debug|Any CPU
		{4EE6C8A7-9650-4274-8D23-EED79F8F6E3F}.Debug|x86.Build.0 = Debug|Any CPU
		{4EE6C8A7-9650-4274-8D23-EED79F8F6E3F}.Private|Any CPU.ActiveCfg = Private|Any CPU
		{4EE6C8A7-9650-4274-8D23-EED79F8F6E3F}.Private|Any CPU.Build.0 = Private|Any CPU
		{4EE6C8A7-9650-4274-8D23-EED79F8F6E3F}.Private|x64.ActiveCfg = Release|Any CPU
		{4EE6C8A7-9650-4274-8D23-EED79F8F6E3F}.Private|x64.Build.0 = Release|Any CPU
		{4EE6C8A7-9650-4274-8D23-EED79F8F6E3F}.Private|x86.ActiveCfg = Release|Any CPU
		{4EE6C8A7-9650-4274-8D23-EED79F8F6E3F}.Private|x86.Build.0 = Release|Any CPU
		{4EE6C8A7-9650-4274-8D23-EED79F8F6E3F}.Release|Any CPU.ActiveCfg = Release|Any CPU
		{4EE6C8A7-9650-4274-8D23-EED79F8F6E3F}.Release|Any CPU.Build.0 = Release|Any CPU
		{4EE6C8A7-9650-4274-8D23-EED79F8F6E3F}.Release|x64.ActiveCfg = Release|Any CPU
		{4EE6C8A7-9650-4274-8D23-EED79F8F6E3F}.Release|x64.Build.0 = Release|Any CPU
		{4EE6C8A7-9650-4274-8D23-EED79F8F6E3F}.Release|x86.ActiveCfg = Release|Any CPU
		{4EE6C8A7-9650-4274-8D23-EED79F8F6E3F}.Release|x86.Build.0 = Release|Any CPU
		{E4CB611A-0A60-4D07-9E14-4972EB14224B}.Debug|Any CPU.ActiveCfg = Debug|Any CPU
		{E4CB611A-0A60-4D07-9E14-4972EB14224B}.Debug|Any CPU.Build.0 = Debug|Any CPU
		{E4CB611A-0A60-4D07-9E14-4972EB14224B}.Debug|x64.ActiveCfg = Debug|Any CPU
		{E4CB611A-0A60-4D07-9E14-4972EB14224B}.Debug|x64.Build.0 = Debug|Any CPU
		{E4CB611A-0A60-4D07-9E14-4972EB14224B}.Debug|x86.ActiveCfg = Debug|Any CPU
		{E4CB611A-0A60-4D07-9E14-4972EB14224B}.Debug|x86.Build.0 = Debug|Any CPU
		{E4CB611A-0A60-4D07-9E14-4972EB14224B}.Private|Any CPU.ActiveCfg = Private|Any CPU
		{E4CB611A-0A60-4D07-9E14-4972EB14224B}.Private|Any CPU.Build.0 = Private|Any CPU
		{E4CB611A-0A60-4D07-9E14-4972EB14224B}.Private|x64.ActiveCfg = Release|Any CPU
		{E4CB611A-0A60-4D07-9E14-4972EB14224B}.Private|x64.Build.0 = Release|Any CPU
		{E4CB611A-0A60-4D07-9E14-4972EB14224B}.Private|x86.ActiveCfg = Release|Any CPU
		{E4CB611A-0A60-4D07-9E14-4972EB14224B}.Private|x86.Build.0 = Release|Any CPU
		{E4CB611A-0A60-4D07-9E14-4972EB14224B}.Release|Any CPU.ActiveCfg = Release|Any CPU
		{E4CB611A-0A60-4D07-9E14-4972EB14224B}.Release|Any CPU.Build.0 = Release|Any CPU
		{E4CB611A-0A60-4D07-9E14-4972EB14224B}.Release|x64.ActiveCfg = Release|Any CPU
		{E4CB611A-0A60-4D07-9E14-4972EB14224B}.Release|x64.Build.0 = Release|Any CPU
		{E4CB611A-0A60-4D07-9E14-4972EB14224B}.Release|x86.ActiveCfg = Release|Any CPU
		{E4CB611A-0A60-4D07-9E14-4972EB14224B}.Release|x86.Build.0 = Release|Any CPU
		{A68EE588-BD26-479E-9EB4-CB00C2E2894B}.Debug|Any CPU.ActiveCfg = Debug|Any CPU
		{A68EE588-BD26-479E-9EB4-CB00C2E2894B}.Debug|Any CPU.Build.0 = Debug|Any CPU
		{A68EE588-BD26-479E-9EB4-CB00C2E2894B}.Debug|x64.ActiveCfg = Debug|Any CPU
		{A68EE588-BD26-479E-9EB4-CB00C2E2894B}.Debug|x64.Build.0 = Debug|Any CPU
		{A68EE588-BD26-479E-9EB4-CB00C2E2894B}.Debug|x86.ActiveCfg = Debug|Any CPU
		{A68EE588-BD26-479E-9EB4-CB00C2E2894B}.Debug|x86.Build.0 = Debug|Any CPU
		{A68EE588-BD26-479E-9EB4-CB00C2E2894B}.Private|Any CPU.ActiveCfg = Private|Any CPU
		{A68EE588-BD26-479E-9EB4-CB00C2E2894B}.Private|Any CPU.Build.0 = Private|Any CPU
		{A68EE588-BD26-479E-9EB4-CB00C2E2894B}.Private|x64.ActiveCfg = Release|Any CPU
		{A68EE588-BD26-479E-9EB4-CB00C2E2894B}.Private|x64.Build.0 = Release|Any CPU
		{A68EE588-BD26-479E-9EB4-CB00C2E2894B}.Private|x86.ActiveCfg = Release|Any CPU
		{A68EE588-BD26-479E-9EB4-CB00C2E2894B}.Private|x86.Build.0 = Release|Any CPU
		{A68EE588-BD26-479E-9EB4-CB00C2E2894B}.Release|Any CPU.ActiveCfg = Release|Any CPU
		{A68EE588-BD26-479E-9EB4-CB00C2E2894B}.Release|Any CPU.Build.0 = Release|Any CPU
		{A68EE588-BD26-479E-9EB4-CB00C2E2894B}.Release|x64.ActiveCfg = Release|Any CPU
		{A68EE588-BD26-479E-9EB4-CB00C2E2894B}.Release|x64.Build.0 = Release|Any CPU
		{A68EE588-BD26-479E-9EB4-CB00C2E2894B}.Release|x86.ActiveCfg = Release|Any CPU
		{A68EE588-BD26-479E-9EB4-CB00C2E2894B}.Release|x86.Build.0 = Release|Any CPU
		{4318CFE6-DC95-499D-8290-3CE626D12895}.Debug|Any CPU.ActiveCfg = Debug|Any CPU
		{4318CFE6-DC95-499D-8290-3CE626D12895}.Debug|Any CPU.Build.0 = Debug|Any CPU
		{4318CFE6-DC95-499D-8290-3CE626D12895}.Debug|x64.ActiveCfg = Debug|Any CPU
		{4318CFE6-DC95-499D-8290-3CE626D12895}.Debug|x64.Build.0 = Debug|Any CPU
		{4318CFE6-DC95-499D-8290-3CE626D12895}.Debug|x86.ActiveCfg = Debug|Any CPU
		{4318CFE6-DC95-499D-8290-3CE626D12895}.Debug|x86.Build.0 = Debug|Any CPU
		{4318CFE6-DC95-499D-8290-3CE626D12895}.Private|Any CPU.ActiveCfg = Private|Any CPU
		{4318CFE6-DC95-499D-8290-3CE626D12895}.Private|Any CPU.Build.0 = Private|Any CPU
		{4318CFE6-DC95-499D-8290-3CE626D12895}.Private|x64.ActiveCfg = Release|Any CPU
		{4318CFE6-DC95-499D-8290-3CE626D12895}.Private|x64.Build.0 = Release|Any CPU
		{4318CFE6-DC95-499D-8290-3CE626D12895}.Private|x86.ActiveCfg = Release|Any CPU
		{4318CFE6-DC95-499D-8290-3CE626D12895}.Private|x86.Build.0 = Release|Any CPU
		{4318CFE6-DC95-499D-8290-3CE626D12895}.Release|Any CPU.ActiveCfg = Release|Any CPU
		{4318CFE6-DC95-499D-8290-3CE626D12895}.Release|Any CPU.Build.0 = Release|Any CPU
		{4318CFE6-DC95-499D-8290-3CE626D12895}.Release|x64.ActiveCfg = Release|Any CPU
		{4318CFE6-DC95-499D-8290-3CE626D12895}.Release|x64.Build.0 = Release|Any CPU
		{4318CFE6-DC95-499D-8290-3CE626D12895}.Release|x86.ActiveCfg = Release|Any CPU
		{4318CFE6-DC95-499D-8290-3CE626D12895}.Release|x86.Build.0 = Release|Any CPU
		{58CBB7DE-2378-4E95-91A5-91F910E56EE8}.Debug|Any CPU.ActiveCfg = Debug|Win32
		{58CBB7DE-2378-4E95-91A5-91F910E56EE8}.Debug|x64.ActiveCfg = Debug|x64
		{58CBB7DE-2378-4E95-91A5-91F910E56EE8}.Debug|x64.Build.0 = Debug|x64
		{58CBB7DE-2378-4E95-91A5-91F910E56EE8}.Debug|x86.ActiveCfg = Debug|Win32
		{58CBB7DE-2378-4E95-91A5-91F910E56EE8}.Debug|x86.Build.0 = Debug|Win32
		{58CBB7DE-2378-4E95-91A5-91F910E56EE8}.Private|Any CPU.ActiveCfg = Private|Win32
		{58CBB7DE-2378-4E95-91A5-91F910E56EE8}.Private|x64.ActiveCfg = Release|x64
		{58CBB7DE-2378-4E95-91A5-91F910E56EE8}.Private|x64.Build.0 = Release|x64
		{58CBB7DE-2378-4E95-91A5-91F910E56EE8}.Private|x86.ActiveCfg = Release|Win32
		{58CBB7DE-2378-4E95-91A5-91F910E56EE8}.Private|x86.Build.0 = Release|Win32
		{58CBB7DE-2378-4E95-91A5-91F910E56EE8}.Release|Any CPU.ActiveCfg = Release|Win32
		{58CBB7DE-2378-4E95-91A5-91F910E56EE8}.Release|x64.ActiveCfg = Release|x64
		{58CBB7DE-2378-4E95-91A5-91F910E56EE8}.Release|x64.Build.0 = Release|x64
		{58CBB7DE-2378-4E95-91A5-91F910E56EE8}.Release|x86.ActiveCfg = Release|Win32
		{58CBB7DE-2378-4E95-91A5-91F910E56EE8}.Release|x86.Build.0 = Release|Win32
		{6205758A-D654-474F-971E-FE628CBF9D15}.Debug|Any CPU.ActiveCfg = Debug|Any CPU
		{6205758A-D654-474F-971E-FE628CBF9D15}.Debug|Any CPU.Build.0 = Debug|Any CPU
		{6205758A-D654-474F-971E-FE628CBF9D15}.Debug|x64.ActiveCfg = Debug|Any CPU
		{6205758A-D654-474F-971E-FE628CBF9D15}.Debug|x64.Build.0 = Debug|Any CPU
		{6205758A-D654-474F-971E-FE628CBF9D15}.Debug|x86.ActiveCfg = Debug|Any CPU
		{6205758A-D654-474F-971E-FE628CBF9D15}.Debug|x86.Build.0 = Debug|Any CPU
		{6205758A-D654-474F-971E-FE628CBF9D15}.Private|Any CPU.ActiveCfg = Release|Any CPU
		{6205758A-D654-474F-971E-FE628CBF9D15}.Private|Any CPU.Build.0 = Release|Any CPU
		{6205758A-D654-474F-971E-FE628CBF9D15}.Private|x64.ActiveCfg = Release|Any CPU
		{6205758A-D654-474F-971E-FE628CBF9D15}.Private|x64.Build.0 = Release|Any CPU
		{6205758A-D654-474F-971E-FE628CBF9D15}.Private|x86.ActiveCfg = Release|Any CPU
		{6205758A-D654-474F-971E-FE628CBF9D15}.Private|x86.Build.0 = Release|Any CPU
		{6205758A-D654-474F-971E-FE628CBF9D15}.Release|Any CPU.ActiveCfg = Release|Any CPU
		{6205758A-D654-474F-971E-FE628CBF9D15}.Release|Any CPU.Build.0 = Release|Any CPU
		{6205758A-D654-474F-971E-FE628CBF9D15}.Release|x64.ActiveCfg = Release|Any CPU
		{6205758A-D654-474F-971E-FE628CBF9D15}.Release|x64.Build.0 = Release|Any CPU
		{6205758A-D654-474F-971E-FE628CBF9D15}.Release|x86.ActiveCfg = Release|Any CPU
		{6205758A-D654-474F-971E-FE628CBF9D15}.Release|x86.Build.0 = Release|Any CPU
	EndGlobalSection
	GlobalSection(SolutionProperties) = preSolution
		HideSolutionNode = FALSE
	EndGlobalSection
	GlobalSection(NestedProjects) = preSolution
		{6205758A-D654-474F-971E-FE628CBF9D15} = {EB1326A2-D59F-45DB-A3D2-350AEE92196C}
	EndGlobalSection
	GlobalSection(ExtensibilityGlobals) = postSolution
		SolutionGuid = {61C352A7-E07D-4F9F-A70E-006F56E403D1}
	EndGlobalSection
EndGlobal
