
Microsoft Visual Studio Solution File, Format Version 12.00
# Visual Studio 15
VisualStudioVersion = 15.0.28307.329
MinimumVisualStudioVersion = 10.0.40219.1
Project("{9A19103F-16F7-4668-BE54-9A1E7A4F7556}") = "Database", "Database\Database.csproj", "{556701B6-F02E-491B-A9DC-DEF3C86A981F}"
EndProject
Project("{9A19103F-16F7-4668-BE54-9A1E7A4F7556}") = "ServerLinux", "ServerLinux\ServerLinux.csproj", "{2B5F38AA-5CDE-449A-94B9-CD7AE8447415}"
EndProject
Global
	GlobalSection(SolutionConfigurationPlatforms) = preSolution
		Debug|Any CPU = Debug|Any CPU
		Release|Any CPU = Release|Any CPU
	EndGlobalSection
	GlobalSection(ProjectConfigurationPlatforms) = postSolution
		{556701B6-F02E-491B-A9DC-DEF3C86A981F}.Debug|Any CPU.ActiveCfg = Debug|Any CPU
		{556701B6-F02E-491B-A9DC-DEF3C86A981F}.Debug|Any CPU.Build.0 = Debug|Any CPU
		{556701B6-F02E-491B-A9DC-DEF3C86A981F}.Release|Any CPU.ActiveCfg = Release|Any CPU
		{556701B6-F02E-491B-A9DC-DEF3C86A981F}.Release|Any CPU.Build.0 = Release|Any CPU
		{2B5F38AA-5CDE-449A-94B9-CD7AE8447415}.Debug|Any CPU.ActiveCfg = Debug|Any CPU
		{2B5F38AA-5CDE-449A-94B9-CD7AE8447415}.Debug|Any CPU.Build.0 = Debug|Any CPU
		{2B5F38AA-5CDE-449A-94B9-CD7AE8447415}.Release|Any CPU.ActiveCfg = Release|Any CPU
		{2B5F38AA-5CDE-449A-94B9-CD7AE8447415}.Release|Any CPU.Build.0 = Release|Any CPU
	EndGlobalSection
	GlobalSection(SolutionProperties) = preSolution
		HideSolutionNode = FALSE
	EndGlobalSection
	GlobalSection(ExtensibilityGlobals) = postSolution
		SolutionGuid = {70838EDB-3003-45D8-8444-4C9F333D8563}
	EndGlobalSection
EndGlobal
